
Microsoft Visual Studio Solution File, Format Version 12.00
# Visual Studio 15
VisualStudioVersion = 15.0.34320.172
MinimumVisualStudioVersion = 10.0.40219.1
Project("{FAE04EC0-301F-11D3-BF4B-00C04F79EFBC}") = "SystemInformation", "SystemInformation\SystemInformation.csproj", "{BC833D9A-30DC-4223-AD0A-32F794E61D9E}"
EndProject
Global
	GlobalSection(SolutionConfigurationPlatforms) = preSolution
		Debug|Any CPU = Debug|Any CPU
		Release|Any CPU = Release|Any CPU
	EndGlobalSection
	GlobalSection(ProjectConfigurationPlatforms) = postSolution
		{BC833D9A-30DC-4223-AD0A-32F794E61D9E}.Debug|Any CPU.ActiveCfg = Debug|Any CPU
		{BC833D9A-30DC-4223-AD0A-32F794E61D9E}.Debug|Any CPU.Build.0 = Debug|Any CPU
		{BC833D9A-30DC-4223-AD0A-32F794E61D9E}.Release|Any CPU.ActiveCfg = Release|Any CPU
		{BC833D9A-30DC-4223-AD0A-32F794E61D9E}.Release|Any CPU.Build.0 = Release|Any CPU
	EndGlobalSection
	GlobalSection(SolutionProperties) = preSolution
		HideSolutionNode = FALSE
	EndGlobalSection
	GlobalSection(ExtensibilityGlobals) = postSolution
		SolutionGuid = {6181168F-C52D-4114-A2F4-DAD04CD4A15F}
	EndGlobalSection
EndGlobal
